// !$*UTF8*$!
{
	archiveVersion = 1;
	classes = {
	};
	objectVersion = 55;
	objects = {

/* Begin PBXBuildFile section */
		0713369127CEB0A1008C763A /* cs193MemorizeApp.swift in Sources */ = {isa = PBXBuildFile; fileRef = 0713369027CEB0A1008C763A /* cs193MemorizeApp.swift */; };
		0713369327CEB0A1008C763A /* EmojiMemoryGameView.swift in Sources */ = {isa = PBXBuildFile; fileRef = 0713369227CEB0A1008C763A /* EmojiMemoryGameView.swift */; };
		0713369527CEB0A3008C763A /* Assets.xcassets in Resources */ = {isa = PBXBuildFile; fileRef = 0713369427CEB0A3008C763A /* Assets.xcassets */; };
		0713369827CEB0A3008C763A /* Preview Assets.xcassets in Resources */ = {isa = PBXBuildFile; fileRef = 0713369727CEB0A3008C763A /* Preview Assets.xcassets */; };
		0746ED0327CFA7E000C4DD03 /* MemoryGame.swift in Sources */ = {isa = PBXBuildFile; fileRef = 0746ED0227CFA7E000C4DD03 /* MemoryGame.swift */; };
		0746ED0527CFA8CC00C4DD03 /* EmojiMemoryGame.swift in Sources */ = {isa = PBXBuildFile; fileRef = 0746ED0427CFA8CC00C4DD03 /* EmojiMemoryGame.swift */; };
		07B9465827D1534C005FC659 /* AspectVGrid.swift in Sources */ = {isa = PBXBuildFile; fileRef = 07B9465727D1534C005FC659 /* AspectVGrid.swift */; };
		07B9465A27D16058005FC659 /* Pie.swift in Sources */ = {isa = PBXBuildFile; fileRef = 07B9465927D16058005FC659 /* Pie.swift */; };
		07E0398F27D298CB009A2EA2 /* Cardify.swift in Sources */ = {isa = PBXBuildFile; fileRef = 07E0398E27D298CB009A2EA2 /* Cardify.swift */; };
/* End PBXBuildFile section */

/* Begin PBXFileReference section */
		0713368D27CEB0A1008C763A /* cs193Memorize.app */ = {isa = PBXFileReference; explicitFileType = wrapper.application; includeInIndex = 0; path = cs193Memorize.app; sourceTree = BUILT_PRODUCTS_DIR; };
		0713369027CEB0A1008C763A /* cs193MemorizeApp.swift */ = {isa = PBXFileReference; lastKnownFileType = sourcecode.swift; path = cs193MemorizeApp.swift; sourceTree = "<group>"; };
		0713369227CEB0A1008C763A /* EmojiMemoryGameView.swift */ = {isa = PBXFileReference; lastKnownFileType = sourcecode.swift; path = EmojiMemoryGameView.swift; sourceTree = "<group>"; };
		0713369427CEB0A3008C763A /* Assets.xcassets */ = {isa = PBXFileReference; lastKnownFileType = folder.assetcatalog; path = Assets.xcassets; sourceTree = "<group>"; };
		0713369727CEB0A3008C763A /* Preview Assets.xcassets */ = {isa = PBXFileReference; lastKnownFileType = folder.assetcatalog; path = "Preview Assets.xcassets"; sourceTree = "<group>"; };
		0746ED0227CFA7E000C4DD03 /* MemoryGame.swift */ = {isa = PBXFileReference; lastKnownFileType = sourcecode.swift; path = MemoryGame.swift; sourceTree = "<group>"; };
		0746ED0427CFA8CC00C4DD03 /* EmojiMemoryGame.swift */ = {isa = PBXFileReference; lastKnownFileType = sourcecode.swift; path = EmojiMemoryGame.swift; sourceTree = "<group>"; };
		07B9465727D1534C005FC659 /* AspectVGrid.swift */ = {isa = PBXFileReference; lastKnownFileType = sourcecode.swift; path = AspectVGrid.swift; sourceTree = "<group>"; };
		07B9465927D16058005FC659 /* Pie.swift */ = {isa = PBXFileReference; lastKnownFileType = sourcecode.swift; path = Pie.swift; sourceTree = "<group>"; };
		07E0398E27D298CB009A2EA2 /* Cardify.swift */ = {isa = PBXFileReference; lastKnownFileType = sourcecode.swift; path = Cardify.swift; sourceTree = "<group>"; };
/* End PBXFileReference section */

/* Begin PBXFrameworksBuildPhase section */
		0713368A27CEB0A1008C763A /* Frameworks */ = {
			isa = PBXFrameworksBuildPhase;
			buildActionMask = 2147483647;
			files = (
			);
			runOnlyForDeploymentPostprocessing = 0;
		};
/* End PBXFrameworksBuildPhase section */

/* Begin PBXGroup section */
		0713368427CEB0A1008C763A = {
			isa = PBXGroup;
			children = (
				0713368F27CEB0A1008C763A /* cs193Memorize */,
				0713368E27CEB0A1008C763A /* Products */,
			);
			sourceTree = "<group>";
		};
		0713368E27CEB0A1008C763A /* Products */ = {
			isa = PBXGroup;
			children = (
				0713368D27CEB0A1008C763A /* cs193Memorize.app */,
			);
			name = Products;
			sourceTree = "<group>";
		};
		0713368F27CEB0A1008C763A /* cs193Memorize */ = {
			isa = PBXGroup;
			children = (
				0713369027CEB0A1008C763A /* cs193MemorizeApp.swift */,
				0713369227CEB0A1008C763A /* EmojiMemoryGameView.swift */,
				07E0398E27D298CB009A2EA2 /* Cardify.swift */,
				07B9465927D16058005FC659 /* Pie.swift */,
				07B9465727D1534C005FC659 /* AspectVGrid.swift */,
				0746ED0227CFA7E000C4DD03 /* MemoryGame.swift */,
				0746ED0427CFA8CC00C4DD03 /* EmojiMemoryGame.swift */,
				0713369427CEB0A3008C763A /* Assets.xcassets */,
				0713369627CEB0A3008C763A /* Preview Content */,
			);
			path = cs193Memorize;
			sourceTree = "<group>";
		};
		0713369627CEB0A3008C763A /* Preview Content */ = {
			isa = PBXGroup;
			children = (
				0713369727CEB0A3008C763A /* Preview Assets.xcassets */,
			);
			path = "Preview Content";
			sourceTree = "<group>";
		};
/* End PBXGroup section */

/* Begin PBXNativeTarget section */
		0713368C27CEB0A1008C763A /* cs193Memorize */ = {
			isa = PBXNativeTarget;
			buildConfigurationList = 0713369B27CEB0A3008C763A /* Build configuration list for PBXNativeTarget "cs193Memorize" */;
			buildPhases = (
				0713368927CEB0A1008C763A /* Sources */,
				0713368A27CEB0A1008C763A /* Frameworks */,
				0713368B27CEB0A1008C763A /* Resources */,
			);
			buildRules = (
			);
			dependencies = (
			);
			name = cs193Memorize;
			productName = cs193Memorize;
			productReference = 0713368D27CEB0A1008C763A /* cs193Memorize.app */;
			productType = "com.apple.product-type.application";
		};
/* End PBXNativeTarget section */

/* Begin PBXProject section */
		0713368527CEB0A1008C763A /* Project object */ = {
			isa = PBXProject;
			attributes = {
				BuildIndependentTargetsInParallel = 1;
				LastSwiftUpdateCheck = 1320;
				LastUpgradeCheck = 1320;
				TargetAttributes = {
					0713368C27CEB0A1008C763A = {
						CreatedOnToolsVersion = 13.2.1;
					};
				};
			};
			buildConfigurationList = 0713368827CEB0A1008C763A /* Build configuration list for PBXProject "cs193Memorize" */;
			compatibilityVersion = "Xcode 13.0";
			developmentRegion = en;
			hasScannedForEncodings = 0;
			knownRegions = (
				en,
				Base,
			);
			mainGroup = 0713368427CEB0A1008C763A;
			productRefGroup = 0713368E27CEB0A1008C763A /* Products */;
			projectDirPath = "";
			projectRoot = "";
			targets = (
				0713368C27CEB0A1008C763A /* cs193Memorize */,
			);
		};
/* End PBXProject section */

/* Begin PBXResourcesBuildPhase section */
		0713368B27CEB0A1008C763A /* Resources */ = {
			isa = PBXResourcesBuildPhase;
			buildActionMask = 2147483647;
			files = (
				0713369827CEB0A3008C763A /* Preview Assets.xcassets in Resources */,
				0713369527CEB0A3008C763A /* Assets.xcassets in Resources */,
			);
			runOnlyForDeploymentPostprocessing = 0;
		};
/* End PBXResourcesBuildPhase section */

/* Begin PBXSourcesBuildPhase section */
		0713368927CEB0A1008C763A /* Sources */ = {
			isa = PBXSourcesBuildPhase;
			buildActionMask = 2147483647;
			files = (
				07B9465A27D16058005FC659 /* Pie.swift in Sources */,
				07E0398F27D298CB009A2EA2 /* Cardify.swift in Sources */,
				0746ED0327CFA7E000C4DD03 /* MemoryGame.swift in Sources */,
				0713369327CEB0A1008C763A /* EmojiMemoryGameView.swift in Sources */,
				0713369127CEB0A1008C763A /* cs193MemorizeApp.swift in Sources */,
				07B9465827D1534C005FC659 /* AspectVGrid.swift in Sources */,
				0746ED0527CFA8CC00C4DD03 /* EmojiMemoryGame.swift in Sources */,
			);
			runOnlyForDeploymentPostprocessing = 0;
		};
/* End PBXSourcesBuildPhase section */

/* Begin XCBuildConfiguration section */
		0713369927CEB0A3008C763A /* Debug */ = {
			isa = XCBuildConfiguration;
			buildSettings = {
				ALWAYS_SEARCH_USER_PATHS = NO;
				CLANG_ANALYZER_NONNULL = YES;
				CLANG_ANALYZER_NUMBER_OBJECT_CONVERSION = YES_AGGRESSIVE;
				CLANG_CXX_LANGUAGE_STANDARD = "gnu++17";
				CLANG_CXX_LIBRARY = "libc++";
				CLANG_ENABLE_MODULES = YES;
				CLANG_ENABLE_OBJC_ARC = YES;
				CLANG_ENABLE_OBJC_WEAK = YES;
				CLANG_WARN_BLOCK_CAPTURE_AUTORELEASING = YES;
				CLANG_WARN_BOOL_CONVERSION = YES;
				CLANG_WARN_COMMA = YES;
				CLANG_WARN_CONSTANT_CONVERSION = YES;
				CLANG_WARN_DEPRECATED_OBJC_IMPLEMENTATIONS = YES;
				CLANG_WARN_DIRECT_OBJC_ISA_USAGE = YES_ERROR;
				CLANG_WARN_DOCUMENTATION_COMMENTS = YES;
				CLANG_WARN_EMPTY_BODY = YES;
				CLANG_WARN_ENUM_CONVERSION = YES;
				CLANG_WARN_INFINITE_RECURSION = YES;
				CLANG_WARN_INT_CONVERSION = YES;
				CLANG_WARN_NON_LITERAL_NULL_CONVERSION = YES;
				CLANG_WARN_OBJC_IMPLICIT_RETAIN_SELF = YES;
				CLANG_WARN_OBJC_LITERAL_CONVERSION = YES;
				CLANG_WARN_OBJC_ROOT_CLASS = YES_ERROR;
				CLANG_WARN_QUOTED_INCLUDE_IN_FRAMEWORK_HEADER = YES;
				CLANG_WARN_RANGE_LOOP_ANALYSIS = YES;
				CLANG_WARN_STRICT_PROTOTYPES = YES;
				CLANG_WARN_SUSPICIOUS_MOVE = YES;
				CLANG_WARN_UNGUARDED_AVAILABILITY = YES_AGGRESSIVE;
				CLANG_WARN_UNREACHABLE_CODE = YES;
				CLANG_WARN__DUPLICATE_METHOD_MATCH = YES;
				COPY_PHASE_STRIP = NO;
				DEBUG_INFORMATION_FORMAT = dwarf;
				ENABLE_STRICT_OBJC_MSGSEND = YES;
				ENABLE_TESTABILITY = YES;
				GCC_C_LANGUAGE_STANDARD = gnu11;
				GCC_DYNAMIC_NO_PIC = NO;
				GCC_NO_COMMON_BLOCKS = YES;
				GCC_OPTIMIZATION_LEVEL = 0;
				GCC_PREPROCESSOR_DEFINITIONS = (
					"DEBUG=1",
					"$(inherited)",
				);
				GCC_WARN_64_TO_32_BIT_CONVERSION = YES;
				GCC_WARN_ABOUT_RETURN_TYPE = YES_ERROR;
				GCC_WARN_UNDECLARED_SELECTOR = YES;
				GCC_WARN_UNINITIALIZED_AUTOS = YES_AGGRESSIVE;
				GCC_WARN_UNUSED_FUNCTION = YES;
				GCC_WARN_UNUSED_VARIABLE = YES;
				IPHONEOS_DEPLOYMENT_TARGET = 15.2;
				MTL_ENABLE_DEBUG_INFO = INCLUDE_SOURCE;
				MTL_FAST_MATH = YES;
				ONLY_ACTIVE_ARCH = YES;
				SDKROOT = iphoneos;
				SWIFT_ACTIVE_COMPILATION_CONDITIONS = DEBUG;
				SWIFT_OPTIMIZATION_LEVEL = "-Onone";
			};
			name = Debug;
		};
		0713369A27CEB0A3008C763A /* Release */ = {
			isa = XCBuildConfiguration;
			buildSettings = {
				ALWAYS_SEARCH_USER_PATHS = NO;
				CLANG_ANALYZER_NONNULL = YES;
				CLANG_ANALYZER_NUMBER_OBJECT_CONVERSION = YES_AGGRESSIVE;
				CLANG_CXX_LANGUAGE_STANDARD = "gnu++17";
				CLANG_CXX_LIBRARY = "libc++";
				CLANG_ENABLE_MODULES = YES;
				CLANG_ENABLE_OBJC_ARC = YES;
				CLANG_ENABLE_OBJC_WEAK = YES;
				CLANG_WARN_BLOCK_CAPTURE_AUTORELEASING = YES;
				CLANG_WARN_BOOL_CONVERSION = YES;
				CLANG_WARN_COMMA = YES;
				CLANG_WARN_CONSTANT_CONVERSION = YES;
				CLANG_WARN_DEPRECATED_OBJC_IMPLEMENTATIONS = YES;
				CLANG_WARN_DIRECT_OBJC_ISA_USAGE = YES_ERROR;
				CLANG_WARN_DOCUMENTATION_COMMENTS = YES;
				CLANG_WARN_EMPTY_BODY = YES;
				CLANG_WARN_ENUM_CONVERSION = YES;
				CLANG_WARN_INFINITE_RECURSION = YES;
				CLANG_WARN_INT_CONVERSION = YES;
				CLANG_WARN_NON_LITERAL_NULL_CONVERSION = YES;
				CLANG_WARN_OBJC_IMPLICIT_RETAIN_SELF = YES;
				CLANG_WARN_OBJC_LITERAL_CONVERSION = YES;
				CLANG_WARN_OBJC_ROOT_CLASS = YES_ERROR;
				CLANG_WARN_QUOTED_INCLUDE_IN_FRAMEWORK_HEADER = YES;
				CLANG_WARN_RANGE_LOOP_ANALYSIS = YES;
				CLANG_WARN_STRICT_PROTOTYPES = YES;
				CLANG_WARN_SUSPICIOUS_MOVE = YES;
				CLANG_WARN_UNGUARDED_AVAILABILITY = YES_AGGRESSIVE;
				CLANG_WARN_UNREACHABLE_CODE = YES;
				CLANG_WARN__DUPLICATE_METHOD_MATCH = YES;
				COPY_PHASE_STRIP = NO;
				DEBUG_INFORMATION_FORMAT = "dwarf-with-dsym";
				ENABLE_NS_ASSERTIONS = NO;
				ENABLE_STRICT_OBJC_MSGSEND = YES;
				GCC_C_LANGUAGE_STANDARD = gnu11;
				GCC_NO_COMMON_BLOCKS = YES;
				GCC_WARN_64_TO_32_BIT_CONVERSION = YES;
				GCC_WARN_ABOUT_RETURN_TYPE = YES_ERROR;
				GCC_WARN_UNDECLARED_SELECTOR = YES;
				GCC_WARN_UNINITIALIZED_AUTOS = YES_AGGRESSIVE;
				GCC_WARN_UNUSED_FUNCTION = YES;
				GCC_WARN_UNUSED_VARIABLE = YES;
				IPHONEOS_DEPLOYMENT_TARGET = 15.2;
				MTL_ENABLE_DEBUG_INFO = NO;
				MTL_FAST_MATH = YES;
				SDKROOT = iphoneos;
				SWIFT_COMPILATION_MODE = wholemodule;
				SWIFT_OPTIMIZATION_LEVEL = "-O";
				VALIDATE_PRODUCT = YES;
			};
			name = Release;
		};
		0713369C27CEB0A3008C763A /* Debug */ = {
			isa = XCBuildConfiguration;
			buildSettings = {
				ASSETCATALOG_COMPILER_APPICON_NAME = AppIcon;
				ASSETCATALOG_COMPILER_GLOBAL_ACCENT_COLOR_NAME = AccentColor;
				CODE_SIGN_STYLE = Automatic;
				CURRENT_PROJECT_VERSION = 1;
				DEVELOPMENT_ASSET_PATHS = "\"cs193Memorize/Preview Content\"";
				DEVELOPMENT_TEAM = MWLQ4BC4K9;
				ENABLE_PREVIEWS = YES;
				GENERATE_INFOPLIST_FILE = YES;
				INFOPLIST_KEY_UIApplicationSceneManifest_Generation = YES;
				INFOPLIST_KEY_UIApplicationSupportsIndirectInputEvents = YES;
				INFOPLIST_KEY_UILaunchScreen_Generation = YES;
				INFOPLIST_KEY_UISupportedInterfaceOrientations_iPad = "UIInterfaceOrientationPortrait UIInterfaceOrientationPortraitUpsideDown UIInterfaceOrientationLandscapeLeft UIInterfaceOrientationLandscapeRight";
				INFOPLIST_KEY_UISupportedInterfaceOrientations_iPhone = "UIInterfaceOrientationPortrait UIInterfaceOrientationLandscapeLeft UIInterfaceOrientationLandscapeRight";
				LD_RUNPATH_SEARCH_PATHS = (
					"$(inherited)",
					"@executable_path/Frameworks",
				);
				MARKETING_VERSION = 1.0;
				PRODUCT_BUNDLE_IDENTIFIER = AshotEntertainment.cs193Memorize;
				PRODUCT_NAME = "$(TARGET_NAME)";
				SWIFT_EMIT_LOC_STRINGS = YES;
				SWIFT_VERSION = 5.0;
				TARGETED_DEVICE_FAMILY = "1,2";
			};
			name = Debug;
		};
		0713369D27CEB0A3008C763A /* Release */ = {
			isa = XCBuildConfiguration;
			buildSettings = {
				ASSETCATALOG_COMPILER_APPICON_NAME = AppIcon;
				ASSETCATALOG_COMPILER_GLOBAL_ACCENT_COLOR_NAME = AccentColor;
				CODE_SIGN_STYLE = Automatic;
				CURRENT_PROJECT_VERSION = 1;
				DEVELOPMENT_ASSET_PATHS = "\"cs193Memorize/Preview Content\"";
				DEVELOPMENT_TEAM = MWLQ4BC4K9;
				ENABLE_PREVIEWS = YES;
				GENERATE_INFOPLIST_FILE = YES;
				INFOPLIST_KEY_UIApplicationSceneManifest_Generation = YES;
				INFOPLIST_KEY_UIApplicationSupportsIndirectInputEvents = YES;
				INFOPLIST_KEY_UILaunchScreen_Generation = YES;
				INFOPLIST_KEY_UISupportedInterfaceOrientations_iPad = "UIInterfaceOrientationPortrait UIInterfaceOrientationPortraitUpsideDown UIInterfaceOrientationLandscapeLeft UIInterfaceOrientationLandscapeRight";
				INFOPLIST_KEY_UISupportedInterfaceOrientations_iPhone = "UIInterfaceOrientationPortrait UIInterfaceOrientationLandscapeLeft UIInterfaceOrientationLandscapeRight";
				LD_RUNPATH_SEARCH_PATHS = (
					"$(inherited)",
					"@executable_path/Frameworks",
				);
				MARKETING_VERSION = 1.0;
				PRODUCT_BUNDLE_IDENTIFIER = AshotEntertainment.cs193Memorize;
				PRODUCT_NAME = "$(TARGET_NAME)";
				SWIFT_EMIT_LOC_STRINGS = YES;
				SWIFT_VERSION = 5.0;
				TARGETED_DEVICE_FAMILY = "1,2";
			};
			name = Release;
		};
/* End XCBuildConfiguration section */

/* Begin XCConfigurationList section */
		0713368827CEB0A1008C763A /* Build configuration list for PBXProject "cs193Memorize" */ = {
			isa = XCConfigurationList;
			buildConfigurations = (
				0713369927CEB0A3008C763A /* Debug */,
				0713369A27CEB0A3008C763A /* Release */,
			);
			defaultConfigurationIsVisible = 0;
			defaultConfigurationName = Release;
		};
		0713369B27CEB0A3008C763A /* Build configuration list for PBXNativeTarget "cs193Memorize" */ = {
			isa = XCConfigurationList;
			buildConfigurations = (
				0713369C27CEB0A3008C763A /* Debug */,
				0713369D27CEB0A3008C763A /* Release */,
			);
			defaultConfigurationIsVisible = 0;
			defaultConfigurationName = Release;
		};
/* End XCConfigurationList section */
	};
	rootObject = 0713368527CEB0A1008C763A /* Project object */;
}
